// !$*UTF8*$!
{
	archiveVersion = 1;
	classes = {
	};
	objectVersion = 46;
	objects = {

/* Begin PBXBuildFile section */
		5B4B90EB190ACB120015AF8F /* stx_server.c in Sources */ = {isa = PBXBuildFile; fileRef = 5B4B90EA190ACB120015AF8F /* stx_server.c */; };
		5B4B90EC190ADA1A0015AF8F /* index.html in CopyFiles */ = {isa = PBXBuildFile; fileRef = 5BB8A4EC18D500FE00682D93 /* index.html */; };
		5B4B90ED190ADA1A0015AF8F /* 100b.html in CopyFiles */ = {isa = PBXBuildFile; fileRef = 5BB5E1F51909B2840024C6ED /* 100b.html */; };
		5B83410C18D7821800BAF1D9 /* stx_request.c in Sources */ = {isa = PBXBuildFile; fileRef = 5B83410B18D7821800BAF1D9 /* stx_request.c */; };
		5B83411218D78BAC00BAF1D9 /* stx_listen.c in Sources */ = {isa = PBXBuildFile; fileRef = 5B83411118D78BAC00BAF1D9 /* stx_listen.c */; };
		5B83411718D7A59400BAF1D9 /* stx_accept.c in Sources */ = {isa = PBXBuildFile; fileRef = 5B83411618D7A59400BAF1D9 /* stx_accept.c */; };
		5B83411918D7A95100BAF1D9 /* stx_log.c in Sources */ = {isa = PBXBuildFile; fileRef = 5B83411818D7A95100BAF1D9 /* stx_log.c */; };
		5B89554419ACBB23006E77C6 /* stx_event_queue.c in Sources */ = {isa = PBXBuildFile; fileRef = 5B89554319ACBB23006E77C6 /* stx_event_queue.c */; };
		5B97835F19059DED003893FC /* stx_read.c in Sources */ = {isa = PBXBuildFile; fileRef = 5B97835E19059DED003893FC /* stx_read.c */; };
		5B9D3B2D18C132BA00A88225 /* main.c in Sources */ = {isa = PBXBuildFile; fileRef = 5B9D3B2C18C132BA00A88225 /* main.c */; };
		5BA1DB9919B3C71B00E838BF /* stx_list.c in Sources */ = {isa = PBXBuildFile; fileRef = 5BA1DB9819B3C71B00E838BF /* stx_list.c */; };
		5BA1DB9C19B3CE2800E838BF /* stx_conn_pool.c in Sources */ = {isa = PBXBuildFile; fileRef = 5BA1DB9B19B3CE2800E838BF /* stx_conn_pool.c */; };
		5BB3E9CA19B1E9EC0021C04C /* stx_worker.c in Sources */ = {isa = PBXBuildFile; fileRef = 5BB3E9C919B1E9EC0021C04C /* stx_worker.c */; };
		5BB5E1F41909A0230024C6ED /* stx_write.c in Sources */ = {isa = PBXBuildFile; fileRef = 5BB5E1F31909A0230024C6ED /* stx_write.c */; };
		5BF1667F190CE9C800DCF42C /* 10K.html in CopyFiles */ = {isa = PBXBuildFile; fileRef = 5BF1667E190CE93F00DCF42C /* 10K.html */; };
/* End PBXBuildFile section */

/* Begin PBXCopyFilesBuildPhase section */
		5B9D3B2718C132BA00A88225 /* CopyFiles */ = {
			isa = PBXCopyFilesBuildPhase;
			buildActionMask = 12;
			dstPath = "";
			dstSubfolderSpec = 16;
			files = (
				5BF1667F190CE9C800DCF42C /* 10K.html in CopyFiles */,
				5B4B90EC190ADA1A0015AF8F /* index.html in CopyFiles */,
				5B4B90ED190ADA1A0015AF8F /* 100b.html in CopyFiles */,
			);
			runOnlyForDeploymentPostprocessing = 0;
		};
/* End PBXCopyFilesBuildPhase section */

/* Begin PBXFileReference section */
		5B3BCAD618CCEC2F00286ADB /* stx_request.h */ = {isa = PBXFileReference; lastKnownFileType = sourcecode.c.h; path = stx_request.h; sourceTree = "<group>"; };
		5B4B90E9190ACB080015AF8F /* stx_server.h */ = {isa = PBXFileReference; lastKnownFileType = sourcecode.c.h; path = stx_server.h; sourceTree = "<group>"; };
		5B4B90EA190ACB120015AF8F /* stx_server.c */ = {isa = PBXFileReference; fileEncoding = 4; lastKnownFileType = sourcecode.c.c; path = stx_server.c; sourceTree = "<group>"; };
		5B5C9D9119B213E200322E67 /* tune.sh */ = {isa = PBXFileReference; fileEncoding = 4; lastKnownFileType = text.script.sh; path = tune.sh; sourceTree = "<group>"; };
		5B5C9D9219B22CE000322E67 /* stx_conn_pool.h */ = {isa = PBXFileReference; lastKnownFileType = sourcecode.c.h; path = stx_conn_pool.h; sourceTree = "<group>"; };
		5B83410B18D7821800BAF1D9 /* stx_request.c */ = {isa = PBXFileReference; fileEncoding = 4; lastKnownFileType = sourcecode.c.c; path = stx_request.c; sourceTree = "<group>"; };
		5B83411018D78BA100BAF1D9 /* stx_listen.h */ = {isa = PBXFileReference; lastKnownFileType = sourcecode.c.h; path = stx_listen.h; sourceTree = "<group>"; };
		5B83411118D78BAC00BAF1D9 /* stx_listen.c */ = {isa = PBXFileReference; fileEncoding = 4; lastKnownFileType = sourcecode.c.c; path = stx_listen.c; sourceTree = "<group>"; };
		5B83411518D7A58700BAF1D9 /* stx_accept.h */ = {isa = PBXFileReference; lastKnownFileType = sourcecode.c.h; name = stx_accept.h; path = ../stx_accept.h; sourceTree = "<group>"; };
		5B83411618D7A59400BAF1D9 /* stx_accept.c */ = {isa = PBXFileReference; fileEncoding = 4; lastKnownFileType = sourcecode.c.c; path = stx_accept.c; sourceTree = "<group>"; };
		5B83411818D7A95100BAF1D9 /* stx_log.c */ = {isa = PBXFileReference; fileEncoding = 4; lastKnownFileType = sourcecode.c.c; path = stx_log.c; sourceTree = "<group>"; };
		5B83411A18D7A96100BAF1D9 /* stx_log.h */ = {isa = PBXFileReference; lastKnownFileType = sourcecode.c.h; path = stx_log.h; sourceTree = "<group>"; };
		5B89554219ACB9E0006E77C6 /* stx_event_queue.h */ = {isa = PBXFileReference; lastKnownFileType = sourcecode.c.h; path = stx_event_queue.h; sourceTree = "<group>"; };
		5B89554319ACBB23006E77C6 /* stx_event_queue.c */ = {isa = PBXFileReference; fileEncoding = 4; lastKnownFileType = sourcecode.c.c; path = stx_event_queue.c; sourceTree = "<group>"; };
		5B97835E19059DED003893FC /* stx_read.c */ = {isa = PBXFileReference; fileEncoding = 4; lastKnownFileType = sourcecode.c.c; path = stx_read.c; sourceTree = "<group>"; };
		5B97836019059DF7003893FC /* stx_read.h */ = {isa = PBXFileReference; lastKnownFileType = sourcecode.c.h; path = stx_read.h; sourceTree = "<group>"; };
		5B9D3B2918C132BA00A88225 /* statix */ = {isa = PBXFileReference; explicitFileType = "compiled.mach-o.executable"; includeInIndex = 0; path = statix; sourceTree = BUILT_PRODUCTS_DIR; };
		5B9D3B2C18C132BA00A88225 /* main.c */ = {isa = PBXFileReference; lastKnownFileType = sourcecode.c.c; path = main.c; sourceTree = "<group>"; };
		5BA1DB9819B3C71B00E838BF /* stx_list.c */ = {isa = PBXFileReference; fileEncoding = 4; lastKnownFileType = sourcecode.c.c; path = stx_list.c; sourceTree = "<group>"; };
		5BA1DB9A19B3C72200E838BF /* stx_list.h */ = {isa = PBXFileReference; lastKnownFileType = sourcecode.c.h; path = stx_list.h; sourceTree = "<group>"; };
		5BA1DB9B19B3CE2800E838BF /* stx_conn_pool.c */ = {isa = PBXFileReference; fileEncoding = 4; lastKnownFileType = sourcecode.c.c; name = stx_conn_pool.c; path = ../stx_conn_pool.c; sourceTree = "<group>"; };
		5BB3E9C819B1E9E10021C04C /* stx_worker.h */ = {isa = PBXFileReference; lastKnownFileType = sourcecode.c.h; path = stx_worker.h; sourceTree = "<group>"; };
		5BB3E9C919B1E9EC0021C04C /* stx_worker.c */ = {isa = PBXFileReference; fileEncoding = 4; lastKnownFileType = sourcecode.c.c; path = stx_worker.c; sourceTree = "<group>"; };
		5BB5E1F21909A01A0024C6ED /* stx_write.h */ = {isa = PBXFileReference; lastKnownFileType = sourcecode.c.h; path = stx_write.h; sourceTree = "<group>"; };
		5BB5E1F31909A0230024C6ED /* stx_write.c */ = {isa = PBXFileReference; fileEncoding = 4; lastKnownFileType = sourcecode.c.c; path = stx_write.c; sourceTree = "<group>"; };
		5BB5E1F51909B2840024C6ED /* 100b.html */ = {isa = PBXFileReference; lastKnownFileType = text.html; path = 100b.html; sourceTree = "<group>"; };
		5BB8A4EC18D500FE00682D93 /* index.html */ = {isa = PBXFileReference; fileEncoding = 4; lastKnownFileType = text.html; path = index.html; sourceTree = "<group>"; };
		5BF1667E190CE93F00DCF42C /* 10K.html */ = {isa = PBXFileReference; fileEncoding = 4; lastKnownFileType = text.html; path = 10K.html; sourceTree = "<group>"; };
/* End PBXFileReference section */

/* Begin PBXFrameworksBuildPhase section */
		5B9D3B2618C132BA00A88225 /* Frameworks */ = {
			isa = PBXFrameworksBuildPhase;
			buildActionMask = 2147483647;
			files = (
			);
			runOnlyForDeploymentPostprocessing = 0;
		};
/* End PBXFrameworksBuildPhase section */

/* Begin PBXGroup section */
		5B9D3B2018C132BA00A88225 = {
			isa = PBXGroup;
			children = (
				5B9D3B2B18C132BA00A88225 /* statix */,
				5B9D3B2A18C132BA00A88225 /* Products */,
			);
			sourceTree = "<group>";
		};
		5B9D3B2A18C132BA00A88225 /* Products */ = {
			isa = PBXGroup;
			children = (
				5B9D3B2918C132BA00A88225 /* statix */,
			);
			name = Products;
			sourceTree = "<group>";
		};
		5B9D3B2B18C132BA00A88225 /* statix */ = {
			isa = PBXGroup;
			children = (
				5B9D3B2C18C132BA00A88225 /* main.c */,
				5B4B90E9190ACB080015AF8F /* stx_server.h */,
				5B4B90EA190ACB120015AF8F /* stx_server.c */,
				5B83411018D78BA100BAF1D9 /* stx_listen.h */,
				5B83411118D78BAC00BAF1D9 /* stx_listen.c */,
				5B83411518D7A58700BAF1D9 /* stx_accept.h */,
				5B83411618D7A59400BAF1D9 /* stx_accept.c */,
				5B97836019059DF7003893FC /* stx_read.h */,
				5B97835E19059DED003893FC /* stx_read.c */,
				5B3BCAD618CCEC2F00286ADB /* stx_request.h */,
				5B83410B18D7821800BAF1D9 /* stx_request.c */,
				5BB5E1F21909A01A0024C6ED /* stx_write.h */,
				5BB5E1F31909A0230024C6ED /* stx_write.c */,
				5B83411A18D7A96100BAF1D9 /* stx_log.h */,
				5B83411818D7A95100BAF1D9 /* stx_log.c */,
				5BB8A4EC18D500FE00682D93 /* index.html */,
				5BB5E1F51909B2840024C6ED /* 100b.html */,
				5BF1667E190CE93F00DCF42C /* 10K.html */,
				5B89554219ACB9E0006E77C6 /* stx_event_queue.h */,
				5B89554319ACBB23006E77C6 /* stx_event_queue.c */,
				5BB3E9C819B1E9E10021C04C /* stx_worker.h */,
				5BB3E9C919B1E9EC0021C04C /* stx_worker.c */,
				5B5C9D9219B22CE000322E67 /* stx_conn_pool.h */,
				5BA1DB9B19B3CE2800E838BF /* stx_conn_pool.c */,
				5BA1DB9A19B3C72200E838BF /* stx_list.h */,
				5BA1DB9819B3C71B00E838BF /* stx_list.c */,
				5B5C9D9119B213E200322E67 /* tune.sh */,
			);
			path = statix;
			sourceTree = "<group>";
		};
/* End PBXGroup section */

/* Begin PBXNativeTarget section */
		5B9D3B2818C132BA00A88225 /* statix */ = {
			isa = PBXNativeTarget;
			buildConfigurationList = 5B9D3B3218C132BA00A88225 /* Build configuration list for PBXNativeTarget "statix" */;
			buildPhases = (
				5B9D3B2518C132BA00A88225 /* Sources */,
				5B9D3B2618C132BA00A88225 /* Frameworks */,
				5B9D3B2718C132BA00A88225 /* CopyFiles */,
			);
			buildRules = (
			);
			dependencies = (
			);
			name = statix;
			productName = statix;
			productReference = 5B9D3B2918C132BA00A88225 /* statix */;
			productType = "com.apple.product-type.tool";
		};
/* End PBXNativeTarget section */

/* Begin PBXProject section */
		5B9D3B2118C132BA00A88225 /* Project object */ = {
			isa = PBXProject;
			attributes = {
				LastUpgradeCheck = 0500;
				ORGANIZATIONNAME = "Dincho Todorov";
			};
			buildConfigurationList = 5B9D3B2418C132BA00A88225 /* Build configuration list for PBXProject "statix" */;
			compatibilityVersion = "Xcode 3.2";
			developmentRegion = English;
			hasScannedForEncodings = 0;
			knownRegions = (
				en,
			);
			mainGroup = 5B9D3B2018C132BA00A88225;
			productRefGroup = 5B9D3B2A18C132BA00A88225 /* Products */;
			projectDirPath = "";
			projectRoot = "";
			targets = (
				5B9D3B2818C132BA00A88225 /* statix */,
			);
		};
/* End PBXProject section */

/* Begin PBXSourcesBuildPhase section */
		5B9D3B2518C132BA00A88225 /* Sources */ = {
			isa = PBXSourcesBuildPhase;
			buildActionMask = 2147483647;
			files = (
				5B9D3B2D18C132BA00A88225 /* main.c in Sources */,
				5BA1DB9919B3C71B00E838BF /* stx_list.c in Sources */,
				5BB3E9CA19B1E9EC0021C04C /* stx_worker.c in Sources */,
				5B83410C18D7821800BAF1D9 /* stx_request.c in Sources */,
				5B83411218D78BAC00BAF1D9 /* stx_listen.c in Sources */,
				5BA1DB9C19B3CE2800E838BF /* stx_conn_pool.c in Sources */,
				5B83411918D7A95100BAF1D9 /* stx_log.c in Sources */,
				5BB5E1F41909A0230024C6ED /* stx_write.c in Sources */,
				5B89554419ACBB23006E77C6 /* stx_event_queue.c in Sources */,
				5B4B90EB190ACB120015AF8F /* stx_server.c in Sources */,
				5B97835F19059DED003893FC /* stx_read.c in Sources */,
				5B83411718D7A59400BAF1D9 /* stx_accept.c in Sources */,
			);
			runOnlyForDeploymentPostprocessing = 0;
		};
/* End PBXSourcesBuildPhase section */

/* Begin XCBuildConfiguration section */
		5B9D3B3018C132BA00A88225 /* Debug */ = {
			isa = XCBuildConfiguration;
			buildSettings = {
				ALWAYS_SEARCH_USER_PATHS = NO;
				CLANG_CXX_LANGUAGE_STANDARD = "gnu++0x";
				CLANG_CXX_LIBRARY = "libc++";
				CLANG_ENABLE_OBJC_ARC = YES;
				CLANG_WARN_BOOL_CONVERSION = YES;
				CLANG_WARN_CONSTANT_CONVERSION = YES;
				CLANG_WARN_DIRECT_OBJC_ISA_USAGE = YES_ERROR;
				CLANG_WARN_EMPTY_BODY = YES;
				CLANG_WARN_ENUM_CONVERSION = YES;
				CLANG_WARN_INT_CONVERSION = YES;
				CLANG_WARN_OBJC_ROOT_CLASS = YES_ERROR;
				CLANG_WARN__DUPLICATE_METHOD_MATCH = YES;
				COPY_PHASE_STRIP = NO;
				GCC_C_LANGUAGE_STANDARD = gnu99;
				GCC_DYNAMIC_NO_PIC = NO;
				GCC_ENABLE_OBJC_EXCEPTIONS = YES;
				GCC_OPTIMIZATION_LEVEL = 0;
				GCC_PREPROCESSOR_DEFINITIONS = (
					"DEBUG=1",
					"$(inherited)",
				);
				GCC_SYMBOLS_PRIVATE_EXTERN = NO;
				GCC_WARN_64_TO_32_BIT_CONVERSION = YES;
				GCC_WARN_ABOUT_RETURN_TYPE = YES_ERROR;
				GCC_WARN_UNDECLARED_SELECTOR = YES;
				GCC_WARN_UNINITIALIZED_AUTOS = YES;
				GCC_WARN_UNUSED_FUNCTION = YES;
				GCC_WARN_UNUSED_VARIABLE = YES;
				MACOSX_DEPLOYMENT_TARGET = 10.9;
				ONLY_ACTIVE_ARCH = YES;
				SDKROOT = macosx;
			};
			name = Debug;
		};
		5B9D3B3118C132BA00A88225 /* Release */ = {
			isa = XCBuildConfiguration;
			buildSettings = {
				ALWAYS_SEARCH_USER_PATHS = NO;
				CLANG_CXX_LANGUAGE_STANDARD = "gnu++0x";
				CLANG_CXX_LIBRARY = "libc++";
				CLANG_ENABLE_OBJC_ARC = YES;
				CLANG_WARN_BOOL_CONVERSION = YES;
				CLANG_WARN_CONSTANT_CONVERSION = YES;
				CLANG_WARN_DIRECT_OBJC_ISA_USAGE = YES_ERROR;
				CLANG_WARN_EMPTY_BODY = YES;
				CLANG_WARN_ENUM_CONVERSION = YES;
				CLANG_WARN_INT_CONVERSION = YES;
				CLANG_WARN_OBJC_ROOT_CLASS = YES_ERROR;
				CLANG_WARN__DUPLICATE_METHOD_MATCH = YES;
				COPY_PHASE_STRIP = YES;
				DEBUG_INFORMATION_FORMAT = "dwarf-with-dsym";
				ENABLE_NS_ASSERTIONS = NO;
				GCC_C_LANGUAGE_STANDARD = gnu99;
				GCC_ENABLE_OBJC_EXCEPTIONS = YES;
				GCC_WARN_64_TO_32_BIT_CONVERSION = YES;
				GCC_WARN_ABOUT_RETURN_TYPE = YES_ERROR;
				GCC_WARN_UNDECLARED_SELECTOR = YES;
				GCC_WARN_UNINITIALIZED_AUTOS = YES;
				GCC_WARN_UNUSED_FUNCTION = YES;
				GCC_WARN_UNUSED_VARIABLE = YES;
				MACOSX_DEPLOYMENT_TARGET = 10.9;
				SDKROOT = macosx;
			};
			name = Release;
		};
		5B9D3B3318C132BA00A88225 /* Debug */ = {
			isa = XCBuildConfiguration;
			buildSettings = {
				PRODUCT_NAME = "$(TARGET_NAME)";
			};
			name = Debug;
		};
		5B9D3B3418C132BA00A88225 /* Release */ = {
			isa = XCBuildConfiguration;
			buildSettings = {
				PRODUCT_NAME = "$(TARGET_NAME)";
			};
			name = Release;
		};
/* End XCBuildConfiguration section */

/* Begin XCConfigurationList section */
		5B9D3B2418C132BA00A88225 /* Build configuration list for PBXProject "statix" */ = {
			isa = XCConfigurationList;
			buildConfigurations = (
				5B9D3B3018C132BA00A88225 /* Debug */,
				5B9D3B3118C132BA00A88225 /* Release */,
			);
			defaultConfigurationIsVisible = 0;
			defaultConfigurationName = Release;
		};
		5B9D3B3218C132BA00A88225 /* Build configuration list for PBXNativeTarget "statix" */ = {
			isa = XCConfigurationList;
			buildConfigurations = (
				5B9D3B3318C132BA00A88225 /* Debug */,
				5B9D3B3418C132BA00A88225 /* Release */,
			);
			defaultConfigurationIsVisible = 0;
			defaultConfigurationName = Release;
		};
/* End XCConfigurationList section */
	};
	rootObject = 5B9D3B2118C132BA00A88225 /* Project object */;
}
